
Microsoft Visual Studio Solution File, Format Version 12.00
# Visual Studio Version 17
VisualStudioVersion = 17.2.32519.379
MinimumVisualStudioVersion = 10.0.40219.1
Project("{FAE04EC0-301F-11D3-BF4B-00C04F79EFBC}") = "Memento", "Memento\Memento.csproj", "{66616D77-755A-4150-8180-22ACA392A8DE}"
EndProject
Global
	GlobalSection(SolutionConfigurationPlatforms) = preSolution
		Debug|Any CPU = Debug|Any CPU
		Release|Any CPU = Release|Any CPU
	EndGlobalSection
	GlobalSection(ProjectConfigurationPlatforms) = postSolution
		{66616D77-755A-4150-8180-22ACA392A8DE}.Debug|Any CPU.ActiveCfg = Debug|Any CPU
		{66616D77-755A-4150-8180-22ACA392A8DE}.Debug|Any CPU.Build.0 = Debug|Any CPU
		{66616D77-755A-4150-8180-22ACA392A8DE}.Release|Any CPU.ActiveCfg = Release|Any CPU
		{66616D77-755A-4150-8180-22ACA392A8DE}.Release|Any CPU.Build.0 = Release|Any CPU
	EndGlobalSection
	GlobalSection(SolutionProperties) = preSolution
		HideSolutionNode = FALSE
	EndGlobalSection
	GlobalSection(ExtensibilityGlobals) = postSolution
		SolutionGuid = {32DD4154-AA0F-4FED-9C57-3D2213B36BEE}
	EndGlobalSection
EndGlobal
