
Microsoft Visual Studio Solution File, Format Version 12.00
# Visual Studio Version 17
VisualStudioVersion = 17.2.32519.379
MinimumVisualStudioVersion = 10.0.40219.1
Project("{FAE04EC0-301F-11D3-BF4B-00C04F79EFBC}") = "Builder", "Builder\Builder.csproj", "{7704B298-885C-4B16-9EF7-7C2336A9DDAD}"
EndProject
Global
	GlobalSection(SolutionConfigurationPlatforms) = preSolution
		Debug|Any CPU = Debug|Any CPU
		Release|Any CPU = Release|Any CPU
	EndGlobalSection
	GlobalSection(ProjectConfigurationPlatforms) = postSolution
		{7704B298-885C-4B16-9EF7-7C2336A9DDAD}.Debug|Any CPU.ActiveCfg = Debug|Any CPU
		{7704B298-885C-4B16-9EF7-7C2336A9DDAD}.Debug|Any CPU.Build.0 = Debug|Any CPU
		{7704B298-885C-4B16-9EF7-7C2336A9DDAD}.Release|Any CPU.ActiveCfg = Release|Any CPU
		{7704B298-885C-4B16-9EF7-7C2336A9DDAD}.Release|Any CPU.Build.0 = Release|Any CPU
	EndGlobalSection
	GlobalSection(SolutionProperties) = preSolution
		HideSolutionNode = FALSE
	EndGlobalSection
	GlobalSection(ExtensibilityGlobals) = postSolution
		SolutionGuid = {7BEBAC83-2667-458F-9BCB-061F659F4D1E}
	EndGlobalSection
EndGlobal
