
Microsoft Visual Studio Solution File, Format Version 12.00
# Visual Studio Version 17
VisualStudioVersion = 17.2.32519.379
MinimumVisualStudioVersion = 10.0.40219.1
Project("{FAE04EC0-301F-11D3-BF4B-00C04F79EFBC}") = "Iterator", "Iterator\Iterator.csproj", "{3CDBFF6E-A6AE-41D7-9C00-96E9F9B95D92}"
EndProject
Global
	GlobalSection(SolutionConfigurationPlatforms) = preSolution
		Debug|Any CPU = Debug|Any CPU
		Release|Any CPU = Release|Any CPU
	EndGlobalSection
	GlobalSection(ProjectConfigurationPlatforms) = postSolution
		{3CDBFF6E-A6AE-41D7-9C00-96E9F9B95D92}.Debug|Any CPU.ActiveCfg = Debug|Any CPU
		{3CDBFF6E-A6AE-41D7-9C00-96E9F9B95D92}.Debug|Any CPU.Build.0 = Debug|Any CPU
		{3CDBFF6E-A6AE-41D7-9C00-96E9F9B95D92}.Release|Any CPU.ActiveCfg = Release|Any CPU
		{3CDBFF6E-A6AE-41D7-9C00-96E9F9B95D92}.Release|Any CPU.Build.0 = Release|Any CPU
	EndGlobalSection
	GlobalSection(SolutionProperties) = preSolution
		HideSolutionNode = FALSE
	EndGlobalSection
	GlobalSection(ExtensibilityGlobals) = postSolution
		SolutionGuid = {80224E0C-9C2C-4F65-9D98-1E52888C9C27}
	EndGlobalSection
EndGlobal
